
Microsoft Visual Studio Solution File, Format Version 12.00
# Visual Studio Version 17
VisualStudioVersion = 17.1.32421.90
MinimumVisualStudioVersion = 10.0.40219.1
Project("{9A19103F-16F7-4668-BE54-9A1E7A4F7556}") = "TryDataStructures", "TryDataStructures\TryDataStructures.csproj", "{6FA55A05-B49B-48E3-8090-463D0DD19B0F}"
EndProject
Project("{9A19103F-16F7-4668-BE54-9A1E7A4F7556}") = "ListImplementation", "ListImplementation\ListImplementation.csproj", "{39F544EB-7485-4F5A-A6E6-EECCD3098215}"
EndProject
Project("{9A19103F-16F7-4668-BE54-9A1E7A4F7556}") = "LinkedListImplementation", "LinkedListImplementation\LinkedListImplementation.csproj", "{52649087-446F-4AD5-AC3E-744191067230}"
EndProject
Project("{9A19103F-16F7-4668-BE54-9A1E7A4F7556}") = "StackImplementation", "StackImplementation\StackImplementation.csproj", "{A4A13EDF-723F-40F3-8FCF-5401608BF7F2}"
EndProject
Project("{9A19103F-16F7-4668-BE54-9A1E7A4F7556}") = "QueueImplementation", "QueueImplementation\QueueImplementation.csproj", "{BC199DA1-18E1-4769-83A2-6A62F8E605E8}"
EndProject
Project("{9A19103F-16F7-4668-BE54-9A1E7A4F7556}") = "TreeImplementation", "TreeImplementation\TreeImplementation.csproj", "{6C4CF338-0EAC-4001-BCA4-B7165EDA710B}"
EndProject
Project("{9A19103F-16F7-4668-BE54-9A1E7A4F7556}") = "BinarySearchTreeImplementation", "BinarySearchTreeImplementation\BinarySearchTreeImplementation.csproj", "{C42DEC50-CC23-49A7-9320-F75AEDED54FC}"
EndProject
Project("{9A19103F-16F7-4668-BE54-9A1E7A4F7556}") = "PriorityQueueImplementation", "PriorityQueueImplementation\PriorityQueueImplementation.csproj", "{2AFF2375-DDFB-484D-80DD-031AD83946A7}"
EndProject
Project("{FAE04EC0-301F-11D3-BF4B-00C04F79EFBC}") = "AVLTreeImplementation", "AVLTreeImplementation\AVLTreeImplementation.csproj", "{CFADE5D6-F159-42A3-AD7B-9B031D3BAEC6}"
EndProject
Global
	GlobalSection(SolutionConfigurationPlatforms) = preSolution
		Debug|Any CPU = Debug|Any CPU
		Release|Any CPU = Release|Any CPU
	EndGlobalSection
	GlobalSection(ProjectConfigurationPlatforms) = postSolution
		{6FA55A05-B49B-48E3-8090-463D0DD19B0F}.Debug|Any CPU.ActiveCfg = Debug|Any CPU
		{6FA55A05-B49B-48E3-8090-463D0DD19B0F}.Debug|Any CPU.Build.0 = Debug|Any CPU
		{6FA55A05-B49B-48E3-8090-463D0DD19B0F}.Release|Any CPU.ActiveCfg = Release|Any CPU
		{6FA55A05-B49B-48E3-8090-463D0DD19B0F}.Release|Any CPU.Build.0 = Release|Any CPU
		{39F544EB-7485-4F5A-A6E6-EECCD3098215}.Debug|Any CPU.ActiveCfg = Debug|Any CPU
		{39F544EB-7485-4F5A-A6E6-EECCD3098215}.Debug|Any CPU.Build.0 = Debug|Any CPU
		{39F544EB-7485-4F5A-A6E6-EECCD3098215}.Release|Any CPU.ActiveCfg = Release|Any CPU
		{39F544EB-7485-4F5A-A6E6-EECCD3098215}.Release|Any CPU.Build.0 = Release|Any CPU
		{52649087-446F-4AD5-AC3E-744191067230}.Debug|Any CPU.ActiveCfg = Debug|Any CPU
		{52649087-446F-4AD5-AC3E-744191067230}.Debug|Any CPU.Build.0 = Debug|Any CPU
		{52649087-446F-4AD5-AC3E-744191067230}.Release|Any CPU.ActiveCfg = Release|Any CPU
		{52649087-446F-4AD5-AC3E-744191067230}.Release|Any CPU.Build.0 = Release|Any CPU
		{A4A13EDF-723F-40F3-8FCF-5401608BF7F2}.Debug|Any CPU.ActiveCfg = Debug|Any CPU
		{A4A13EDF-723F-40F3-8FCF-5401608BF7F2}.Debug|Any CPU.Build.0 = Debug|Any CPU
		{A4A13EDF-723F-40F3-8FCF-5401608BF7F2}.Release|Any CPU.ActiveCfg = Release|Any CPU
		{A4A13EDF-723F-40F3-8FCF-5401608BF7F2}.Release|Any CPU.Build.0 = Release|Any CPU
		{BC199DA1-18E1-4769-83A2-6A62F8E605E8}.Debug|Any CPU.ActiveCfg = Debug|Any CPU
		{BC199DA1-18E1-4769-83A2-6A62F8E605E8}.Debug|Any CPU.Build.0 = Debug|Any CPU
		{BC199DA1-18E1-4769-83A2-6A62F8E605E8}.Release|Any CPU.ActiveCfg = Release|Any CPU
		{BC199DA1-18E1-4769-83A2-6A62F8E605E8}.Release|Any CPU.Build.0 = Release|Any CPU
		{6C4CF338-0EAC-4001-BCA4-B7165EDA710B}.Debug|Any CPU.ActiveCfg = Debug|Any CPU
		{6C4CF338-0EAC-4001-BCA4-B7165EDA710B}.Debug|Any CPU.Build.0 = Debug|Any CPU
		{6C4CF338-0EAC-4001-BCA4-B7165EDA710B}.Release|Any CPU.ActiveCfg = Release|Any CPU
		{6C4CF338-0EAC-4001-BCA4-B7165EDA710B}.Release|Any CPU.Build.0 = Release|Any CPU
		{C42DEC50-CC23-49A7-9320-F75AEDED54FC}.Debug|Any CPU.ActiveCfg = Debug|Any CPU
		{C42DEC50-CC23-49A7-9320-F75AEDED54FC}.Debug|Any CPU.Build.0 = Debug|Any CPU
		{C42DEC50-CC23-49A7-9320-F75AEDED54FC}.Release|Any CPU.ActiveCfg = Release|Any CPU
		{C42DEC50-CC23-49A7-9320-F75AEDED54FC}.Release|Any CPU.Build.0 = Release|Any CPU
		{2AFF2375-DDFB-484D-80DD-031AD83946A7}.Debug|Any CPU.ActiveCfg = Debug|Any CPU
		{2AFF2375-DDFB-484D-80DD-031AD83946A7}.Debug|Any CPU.Build.0 = Debug|Any CPU
		{2AFF2375-DDFB-484D-80DD-031AD83946A7}.Release|Any CPU.ActiveCfg = Release|Any CPU
		{2AFF2375-DDFB-484D-80DD-031AD83946A7}.Release|Any CPU.Build.0 = Release|Any CPU
		{CFADE5D6-F159-42A3-AD7B-9B031D3BAEC6}.Debug|Any CPU.ActiveCfg = Debug|Any CPU
		{CFADE5D6-F159-42A3-AD7B-9B031D3BAEC6}.Debug|Any CPU.Build.0 = Debug|Any CPU
		{CFADE5D6-F159-42A3-AD7B-9B031D3BAEC6}.Release|Any CPU.ActiveCfg = Release|Any CPU
		{CFADE5D6-F159-42A3-AD7B-9B031D3BAEC6}.Release|Any CPU.Build.0 = Release|Any CPU
	EndGlobalSection
	GlobalSection(SolutionProperties) = preSolution
		HideSolutionNode = FALSE
	EndGlobalSection
	GlobalSection(ExtensibilityGlobals) = postSolution
		SolutionGuid = {27166653-ECD7-4262-9878-74FD13208A9B}
	EndGlobalSection
EndGlobal
